// !$*UTF8*$!
{
	archiveVersion = 1;
	classes = {
	};
	objectVersion = 50;
	objects = {

/* Begin PBXBuildFile section */
		F16CCFA02374A39300F2903F /* AppDelegate.swift in Sources */ = {isa = PBXBuildFile; fileRef = F16CCF9F2374A39300F2903F /* AppDelegate.swift */; };
		F16CCFA22374A39300F2903F /* SceneDelegate.swift in Sources */ = {isa = PBXBuildFile; fileRef = F16CCFA12374A39300F2903F /* SceneDelegate.swift */; };
		F16CCFA42374A39300F2903F /* MainViewController.swift in Sources */ = {isa = PBXBuildFile; fileRef = F16CCFA32374A39300F2903F /* MainViewController.swift */; };
		F16CCFA72374A39300F2903F /* Main.storyboard in Resources */ = {isa = PBXBuildFile; fileRef = F16CCFA52374A39300F2903F /* Main.storyboard */; };
		F16CCFA92374A39600F2903F /* Assets.xcassets in Resources */ = {isa = PBXBuildFile; fileRef = F16CCFA82374A39600F2903F /* Assets.xcassets */; };
		F16CCFAC2374A39600F2903F /* LaunchScreen.storyboard in Resources */ = {isa = PBXBuildFile; fileRef = F16CCFAA2374A39600F2903F /* LaunchScreen.storyboard */; };
		F16CCFC02378421C00F2903F /* RecipeCell.swift in Sources */ = {isa = PBXBuildFile; fileRef = F16CCFBF2378421C00F2903F /* RecipeCell.swift */; };
		F16CCFC22378586A00F2903F /* RecipeManager.swift in Sources */ = {isa = PBXBuildFile; fileRef = F16CCFC12378586A00F2903F /* RecipeManager.swift */; };
		F16CCFC4237859EE00F2903F /* RecipeData.swift in Sources */ = {isa = PBXBuildFile; fileRef = F16CCFC3237859EE00F2903F /* RecipeData.swift */; };
		F16CCFC823792C7A00F2903F /* Constants.swift in Sources */ = {isa = PBXBuildFile; fileRef = F16CCFC723792C7A00F2903F /* Constants.swift */; };
		F16CCFCE23795DAD00F2903F /* RecipeDetailViewController.swift in Sources */ = {isa = PBXBuildFile; fileRef = F16CCFCD23795DAD00F2903F /* RecipeDetailViewController.swift */; };
		F16CCFD02379693D00F2903F /* RecipeImageCell.swift in Sources */ = {isa = PBXBuildFile; fileRef = F16CCFCF2379693D00F2903F /* RecipeImageCell.swift */; };
		F16CCFD22379A4E600F2903F /* IngredientCell.swift in Sources */ = {isa = PBXBuildFile; fileRef = F16CCFD12379A4E600F2903F /* IngredientCell.swift */; };
/* End PBXBuildFile section */

/* Begin PBXFileReference section */
		F16CCF9C2374A39300F2903F /* RecipeApp.app */ = {isa = PBXFileReference; explicitFileType = wrapper.application; includeInIndex = 0; path = RecipeApp.app; sourceTree = BUILT_PRODUCTS_DIR; };
		F16CCF9F2374A39300F2903F /* AppDelegate.swift */ = {isa = PBXFileReference; lastKnownFileType = sourcecode.swift; path = AppDelegate.swift; sourceTree = "<group>"; };
		F16CCFA12374A39300F2903F /* SceneDelegate.swift */ = {isa = PBXFileReference; lastKnownFileType = sourcecode.swift; path = SceneDelegate.swift; sourceTree = "<group>"; };
		F16CCFA32374A39300F2903F /* MainViewController.swift */ = {isa = PBXFileReference; lastKnownFileType = sourcecode.swift; path = MainViewController.swift; sourceTree = "<group>"; };
		F16CCFA62374A39300F2903F /* Base */ = {isa = PBXFileReference; lastKnownFileType = file.storyboard; name = Base; path = Base.lproj/Main.storyboard; sourceTree = "<group>"; };
		F16CCFA82374A39600F2903F /* Assets.xcassets */ = {isa = PBXFileReference; lastKnownFileType = folder.assetcatalog; path = Assets.xcassets; sourceTree = "<group>"; };
		F16CCFAB2374A39600F2903F /* Base */ = {isa = PBXFileReference; lastKnownFileType = file.storyboard; name = Base; path = Base.lproj/LaunchScreen.storyboard; sourceTree = "<group>"; };
		F16CCFAD2374A39600F2903F /* Info.plist */ = {isa = PBXFileReference; lastKnownFileType = text.plist.xml; path = Info.plist; sourceTree = "<group>"; };
		F16CCFBF2378421C00F2903F /* RecipeCell.swift */ = {isa = PBXFileReference; lastKnownFileType = sourcecode.swift; path = RecipeCell.swift; sourceTree = "<group>"; };
		F16CCFC12378586A00F2903F /* RecipeManager.swift */ = {isa = PBXFileReference; lastKnownFileType = sourcecode.swift; path = RecipeManager.swift; sourceTree = "<group>"; };
		F16CCFC3237859EE00F2903F /* RecipeData.swift */ = {isa = PBXFileReference; lastKnownFileType = sourcecode.swift; path = RecipeData.swift; sourceTree = "<group>"; };
		F16CCFC723792C7A00F2903F /* Constants.swift */ = {isa = PBXFileReference; lastKnownFileType = sourcecode.swift; name = Constants.swift; path = ../Constants.swift; sourceTree = "<group>"; };
		F16CCFCD23795DAD00F2903F /* RecipeDetailViewController.swift */ = {isa = PBXFileReference; lastKnownFileType = sourcecode.swift; path = RecipeDetailViewController.swift; sourceTree = SOURCE_ROOT; };
		F16CCFCF2379693D00F2903F /* RecipeImageCell.swift */ = {isa = PBXFileReference; lastKnownFileType = sourcecode.swift; path = RecipeImageCell.swift; sourceTree = "<group>"; };
		F16CCFD12379A4E600F2903F /* IngredientCell.swift */ = {isa = PBXFileReference; lastKnownFileType = sourcecode.swift; path = IngredientCell.swift; sourceTree = "<group>"; };
/* End PBXFileReference section */

/* Begin PBXFrameworksBuildPhase section */
		F16CCF992374A39300F2903F /* Frameworks */ = {
			isa = PBXFrameworksBuildPhase;
			buildActionMask = 2147483647;
			files = (
			);
			runOnlyForDeploymentPostprocessing = 0;
		};
/* End PBXFrameworksBuildPhase section */

/* Begin PBXGroup section */
		F16CCF932374A39300F2903F = {
			isa = PBXGroup;
			children = (
				F16CCF9E2374A39300F2903F /* RecipeApp */,
				F16CCF9D2374A39300F2903F /* Products */,
			);
			sourceTree = "<group>";
		};
		F16CCF9D2374A39300F2903F /* Products */ = {
			isa = PBXGroup;
			children = (
				F16CCF9C2374A39300F2903F /* RecipeApp.app */,
			);
			name = Products;
			sourceTree = "<group>";
		};
		F16CCF9E2374A39300F2903F /* RecipeApp */ = {
			isa = PBXGroup;
			children = (
				F16CCF9F2374A39300F2903F /* AppDelegate.swift */,
				F16CCFA12374A39300F2903F /* SceneDelegate.swift */,
				F16CCFA52374A39300F2903F /* Main.storyboard */,
				F16CCFC923795CE400F2903F /* ViewControllers */,
				F16CCFCB23795D4300F2903F /* Cells */,
				F16CCFCC23795D6400F2903F /* Model */,
				F16CCFCA23795D0D00F2903F /* Managers */,
				F16CCFC723792C7A00F2903F /* Constants.swift */,
				F16CCFA82374A39600F2903F /* Assets.xcassets */,
				F16CCFAA2374A39600F2903F /* LaunchScreen.storyboard */,
				F16CCFAD2374A39600F2903F /* Info.plist */,
			);
			path = RecipeApp;
			sourceTree = "<group>";
		};
		F16CCFC923795CE400F2903F /* ViewControllers */ = {
			isa = PBXGroup;
			children = (
				F16CCFCD23795DAD00F2903F /* RecipeDetailViewController.swift */,
				F16CCFA32374A39300F2903F /* MainViewController.swift */,
			);
			path = ViewControllers;
			sourceTree = "<group>";
		};
		F16CCFCA23795D0D00F2903F /* Managers */ = {
			isa = PBXGroup;
			children = (
				F16CCFC12378586A00F2903F /* RecipeManager.swift */,
			);
			path = Managers;
			sourceTree = "<group>";
		};
		F16CCFCB23795D4300F2903F /* Cells */ = {
			isa = PBXGroup;
			children = (
				F16CCFBF2378421C00F2903F /* RecipeCell.swift */,
				F16CCFCF2379693D00F2903F /* RecipeImageCell.swift */,
				F16CCFD12379A4E600F2903F /* IngredientCell.swift */,
			);
			path = Cells;
			sourceTree = "<group>";
		};
		F16CCFCC23795D6400F2903F /* Model */ = {
			isa = PBXGroup;
			children = (
				F16CCFC3237859EE00F2903F /* RecipeData.swift */,
			);
			path = Model;
			sourceTree = "<group>";
		};
/* End PBXGroup section */

/* Begin PBXNativeTarget section */
		F16CCF9B2374A39300F2903F /* RecipeApp */ = {
			isa = PBXNativeTarget;
			buildConfigurationList = F16CCFB02374A39600F2903F /* Build configuration list for PBXNativeTarget "RecipeApp" */;
			buildPhases = (
				F16CCF982374A39300F2903F /* Sources */,
				F16CCF992374A39300F2903F /* Frameworks */,
				F16CCF9A2374A39300F2903F /* Resources */,
			);
			buildRules = (
			);
			dependencies = (
			);
			name = RecipeApp;
			productName = RecipeApp;
			productReference = F16CCF9C2374A39300F2903F /* RecipeApp.app */;
			productType = "com.apple.product-type.application";
		};
/* End PBXNativeTarget section */

/* Begin PBXProject section */
		F16CCF942374A39300F2903F /* Project object */ = {
			isa = PBXProject;
			attributes = {
				LastSwiftUpdateCheck = 1110;
				LastUpgradeCheck = 1110;
				ORGANIZATIONNAME = "Saajith Zain";
				TargetAttributes = {
					F16CCF9B2374A39300F2903F = {
						CreatedOnToolsVersion = 11.1;
					};
				};
			};
			buildConfigurationList = F16CCF972374A39300F2903F /* Build configuration list for PBXProject "RecipeApp" */;
			compatibilityVersion = "Xcode 9.3";
			developmentRegion = en;
			hasScannedForEncodings = 0;
			knownRegions = (
				en,
				Base,
			);
			mainGroup = F16CCF932374A39300F2903F;
			productRefGroup = F16CCF9D2374A39300F2903F /* Products */;
			projectDirPath = "";
			projectRoot = "";
			targets = (
				F16CCF9B2374A39300F2903F /* RecipeApp */,
			);
		};
/* End PBXProject section */

/* Begin PBXResourcesBuildPhase section */
		F16CCF9A2374A39300F2903F /* Resources */ = {
			isa = PBXResourcesBuildPhase;
			buildActionMask = 2147483647;
			files = (
				F16CCFAC2374A39600F2903F /* LaunchScreen.storyboard in Resources */,
				F16CCFA92374A39600F2903F /* Assets.xcassets in Resources */,
				F16CCFA72374A39300F2903F /* Main.storyboard in Resources */,
			);
			runOnlyForDeploymentPostprocessing = 0;
		};
/* End PBXResourcesBuildPhase section */

/* Begin PBXSourcesBuildPhase section */
		F16CCF982374A39300F2903F /* Sources */ = {
			isa = PBXSourcesBuildPhase;
			buildActionMask = 2147483647;
			files = (
				F16CCFCE23795DAD00F2903F /* RecipeDetailViewController.swift in Sources */,
				F16CCFA42374A39300F2903F /* MainViewController.swift in Sources */,
				F16CCFC22378586A00F2903F /* RecipeManager.swift in Sources */,
				F16CCFA02374A39300F2903F /* AppDelegate.swift in Sources */,
				F16CCFD02379693D00F2903F /* RecipeImageCell.swift in Sources */,
				F16CCFC4237859EE00F2903F /* RecipeData.swift in Sources */,
				F16CCFD22379A4E600F2903F /* IngredientCell.swift in Sources */,
				F16CCFC823792C7A00F2903F /* Constants.swift in Sources */,
				F16CCFA22374A39300F2903F /* SceneDelegate.swift in Sources */,
				F16CCFC02378421C00F2903F /* RecipeCell.swift in Sources */,
			);
			runOnlyForDeploymentPostprocessing = 0;
		};
/* End PBXSourcesBuildPhase section */

/* Begin PBXVariantGroup section */
		F16CCFA52374A39300F2903F /* Main.storyboard */ = {
			isa = PBXVariantGroup;
			children = (
				F16CCFA62374A39300F2903F /* Base */,
			);
			name = Main.storyboard;
			sourceTree = "<group>";
		};
		F16CCFAA2374A39600F2903F /* LaunchScreen.storyboard */ = {
			isa = PBXVariantGroup;
			children = (
				F16CCFAB2374A39600F2903F /* Base */,
			);
			name = LaunchScreen.storyboard;
			sourceTree = "<group>";
		};
/* End PBXVariantGroup section */

/* Begin XCBuildConfiguration section */
		F16CCFAE2374A39600F2903F /* Debug */ = {
			isa = XCBuildConfiguration;
			buildSettings = {
				ALWAYS_SEARCH_USER_PATHS = NO;
				CLANG_ANALYZER_NONNULL = YES;
				CLANG_ANALYZER_NUMBER_OBJECT_CONVERSION = YES_AGGRESSIVE;
				CLANG_CXX_LANGUAGE_STANDARD = "gnu++14";
				CLANG_CXX_LIBRARY = "libc++";
				CLANG_ENABLE_MODULES = YES;
				CLANG_ENABLE_OBJC_ARC = YES;
				CLANG_ENABLE_OBJC_WEAK = YES;
				CLANG_WARN_BLOCK_CAPTURE_AUTORELEASING = YES;
				CLANG_WARN_BOOL_CONVERSION = YES;
				CLANG_WARN_COMMA = YES;
				CLANG_WARN_CONSTANT_CONVERSION = YES;
				CLANG_WARN_DEPRECATED_OBJC_IMPLEMENTATIONS = YES;
				CLANG_WARN_DIRECT_OBJC_ISA_USAGE = YES_ERROR;
				CLANG_WARN_DOCUMENTATION_COMMENTS = YES;
				CLANG_WARN_EMPTY_BODY = YES;
				CLANG_WARN_ENUM_CONVERSION = YES;
				CLANG_WARN_INFINITE_RECURSION = YES;
				CLANG_WARN_INT_CONVERSION = YES;
				CLANG_WARN_NON_LITERAL_NULL_CONVERSION = YES;
				CLANG_WARN_OBJC_IMPLICIT_RETAIN_SELF = YES;
				CLANG_WARN_OBJC_LITERAL_CONVERSION = YES;
				CLANG_WARN_OBJC_ROOT_CLASS = YES_ERROR;
				CLANG_WARN_RANGE_LOOP_ANALYSIS = YES;
				CLANG_WARN_STRICT_PROTOTYPES = YES;
				CLANG_WARN_SUSPICIOUS_MOVE = YES;
				CLANG_WARN_UNGUARDED_AVAILABILITY = YES_AGGRESSIVE;
				CLANG_WARN_UNREACHABLE_CODE = YES;
				CLANG_WARN__DUPLICATE_METHOD_MATCH = YES;
				COPY_PHASE_STRIP = NO;
				DEBUG_INFORMATION_FORMAT = dwarf;
				ENABLE_STRICT_OBJC_MSGSEND = YES;
				ENABLE_TESTABILITY = YES;
				GCC_C_LANGUAGE_STANDARD = gnu11;
				GCC_DYNAMIC_NO_PIC = NO;
				GCC_NO_COMMON_BLOCKS = YES;
				GCC_OPTIMIZATION_LEVEL = 0;
				GCC_PREPROCESSOR_DEFINITIONS = (
					"DEBUG=1",
					"$(inherited)",
				);
				GCC_WARN_64_TO_32_BIT_CONVERSION = YES;
				GCC_WARN_ABOUT_RETURN_TYPE = YES_ERROR;
				GCC_WARN_UNDECLARED_SELECTOR = YES;
				GCC_WARN_UNINITIALIZED_AUTOS = YES_AGGRESSIVE;
				GCC_WARN_UNUSED_FUNCTION = YES;
				GCC_WARN_UNUSED_VARIABLE = YES;
				IPHONEOS_DEPLOYMENT_TARGET = 13.1;
				MTL_ENABLE_DEBUG_INFO = INCLUDE_SOURCE;
				MTL_FAST_MATH = YES;
				ONLY_ACTIVE_ARCH = YES;
				SDKROOT = iphoneos;
				SWIFT_ACTIVE_COMPILATION_CONDITIONS = DEBUG;
				SWIFT_OPTIMIZATION_LEVEL = "-Onone";
			};
			name = Debug;
		};
		F16CCFAF2374A39600F2903F /* Release */ = {
			isa = XCBuildConfiguration;
			buildSettings = {
				ALWAYS_SEARCH_USER_PATHS = NO;
				CLANG_ANALYZER_NONNULL = YES;
				CLANG_ANALYZER_NUMBER_OBJECT_CONVERSION = YES_AGGRESSIVE;
				CLANG_CXX_LANGUAGE_STANDARD = "gnu++14";
				CLANG_CXX_LIBRARY = "libc++";
				CLANG_ENABLE_MODULES = YES;
				CLANG_ENABLE_OBJC_ARC = YES;
				CLANG_ENABLE_OBJC_WEAK = YES;
				CLANG_WARN_BLOCK_CAPTURE_AUTORELEASING = YES;
				CLANG_WARN_BOOL_CONVERSION = YES;
				CLANG_WARN_COMMA = YES;
				CLANG_WARN_CONSTANT_CONVERSION = YES;
				CLANG_WARN_DEPRECATED_OBJC_IMPLEMENTATIONS = YES;
				CLANG_WARN_DIRECT_OBJC_ISA_USAGE = YES_ERROR;
				CLANG_WARN_DOCUMENTATION_COMMENTS = YES;
				CLANG_WARN_EMPTY_BODY = YES;
				CLANG_WARN_ENUM_CONVERSION = YES;
				CLANG_WARN_INFINITE_RECURSION = YES;
				CLANG_WARN_INT_CONVERSION = YES;
				CLANG_WARN_NON_LITERAL_NULL_CONVERSION = YES;
				CLANG_WARN_OBJC_IMPLICIT_RETAIN_SELF = YES;
				CLANG_WARN_OBJC_LITERAL_CONVERSION = YES;
				CLANG_WARN_OBJC_ROOT_CLASS = YES_ERROR;
				CLANG_WARN_RANGE_LOOP_ANALYSIS = YES;
				CLANG_WARN_STRICT_PROTOTYPES = YES;
				CLANG_WARN_SUSPICIOUS_MOVE = YES;
				CLANG_WARN_UNGUARDED_AVAILABILITY = YES_AGGRESSIVE;
				CLANG_WARN_UNREACHABLE_CODE = YES;
				CLANG_WARN__DUPLICATE_METHOD_MATCH = YES;
				COPY_PHASE_STRIP = NO;
				DEBUG_INFORMATION_FORMAT = "dwarf-with-dsym";
				ENABLE_NS_ASSERTIONS = NO;
				ENABLE_STRICT_OBJC_MSGSEND = YES;
				GCC_C_LANGUAGE_STANDARD = gnu11;
				GCC_NO_COMMON_BLOCKS = YES;
				GCC_WARN_64_TO_32_BIT_CONVERSION = YES;
				GCC_WARN_ABOUT_RETURN_TYPE = YES_ERROR;
				GCC_WARN_UNDECLARED_SELECTOR = YES;
				GCC_WARN_UNINITIALIZED_AUTOS = YES_AGGRESSIVE;
				GCC_WARN_UNUSED_FUNCTION = YES;
				GCC_WARN_UNUSED_VARIABLE = YES;
				IPHONEOS_DEPLOYMENT_TARGET = 13.1;
				MTL_ENABLE_DEBUG_INFO = NO;
				MTL_FAST_MATH = YES;
				SDKROOT = iphoneos;
				SWIFT_COMPILATION_MODE = wholemodule;
				SWIFT_OPTIMIZATION_LEVEL = "-O";
				VALIDATE_PRODUCT = YES;
			};
			name = Release;
		};
		F16CCFB12374A39600F2903F /* Debug */ = {
			isa = XCBuildConfiguration;
			buildSettings = {
				ASSETCATALOG_COMPILER_APPICON_NAME = AppIcon;
				CODE_SIGN_STYLE = Automatic;
				INFOPLIST_FILE = RecipeApp/Info.plist;
				LD_RUNPATH_SEARCH_PATHS = (
					"$(inherited)",
					"@executable_path/Frameworks",
				);
				PRODUCT_BUNDLE_IDENTIFIER = codecrew.RecipeApp;
				PRODUCT_NAME = "$(TARGET_NAME)";
				SWIFT_VERSION = 5.0;
				TARGETED_DEVICE_FAMILY = "1,2";
			};
			name = Debug;
		};
		F16CCFB22374A39600F2903F /* Release */ = {
			isa = XCBuildConfiguration;
			buildSettings = {
				ASSETCATALOG_COMPILER_APPICON_NAME = AppIcon;
				CODE_SIGN_STYLE = Automatic;
				INFOPLIST_FILE = RecipeApp/Info.plist;
				LD_RUNPATH_SEARCH_PATHS = (
					"$(inherited)",
					"@executable_path/Frameworks",
				);
				PRODUCT_BUNDLE_IDENTIFIER = codecrew.RecipeApp;
				PRODUCT_NAME = "$(TARGET_NAME)";
				SWIFT_VERSION = 5.0;
				TARGETED_DEVICE_FAMILY = "1,2";
			};
			name = Release;
		};
/* End XCBuildConfiguration section */

/* Begin XCConfigurationList section */
		F16CCF972374A39300F2903F /* Build configuration list for PBXProject "RecipeApp" */ = {
			isa = XCConfigurationList;
			buildConfigurations = (
				F16CCFAE2374A39600F2903F /* Debug */,
				F16CCFAF2374A39600F2903F /* Release */,
			);
			defaultConfigurationIsVisible = 0;
			defaultConfigurationName = Release;
		};
		F16CCFB02374A39600F2903F /* Build configuration list for PBXNativeTarget "RecipeApp" */ = {
			isa = XCConfigurationList;
			buildConfigurations = (
				F16CCFB12374A39600F2903F /* Debug */,
				F16CCFB22374A39600F2903F /* Release */,
			);
			defaultConfigurationIsVisible = 0;
			defaultConfigurationName = Release;
		};
/* End XCConfigurationList section */
	};
	rootObject = F16CCF942374A39300F2903F /* Project object */;
}
